github.com/liggitt/b v1.0.0 h1:b2PD0maWheor82stUPtMmVt15kSIal//bKvvXGW6m/c=
github.com/liggitt/b v1.0.0/go.mod h1:ELIy9WS4GN+KTnXJ4EeReLowuaddQ7tnfsXV6BxuPiw=
github.com/liggitt/c v1.0.0 h1:jLi0imaDl5DUIPX63+zI6vB5w2UF6wDa8F7bLMBDYko=
github.com/liggitt/c v1.0.0/go.mod h1:F/PN0EPwqEcaXbrAc1E8sqvkXqQjvWH2whyWJoSkgA0=
github.com/liggitt/c/v2 v2.0.0 h1:7ITR3NLf81hJyIaFoUPUUl1QrFm7lnOjoH2v+fqsZf0=
github.com/liggitt/c/v2 v2.0.0/go.mod h1:KRLLWBp7oLaMdqk8sLfRgalmCgDMNvQ4TQH5UrZevtI=
github.com/liggitt/d v1.1.0 h1:MlVbFLjh4c5OZtN94h6Gj8x6BSpqXKi4epUIgSUdnFE=
github.com/liggitt/d v1.1.0/go.mod h1:kLQGcLlWWIApPBG+JqB8mWJamzof4jHZ2nIhzfaullk=
