github.com/liggitt/b v1.0.0 h1:b2PD0maWheor82stUPtMmVt15kSIal//bKvvXGW6m/c=
github.com/liggitt/b v1.0.0/go.mod h1:ELIy9WS4GN+KTnXJ4EeReLowuaddQ7tnfsXV6BxuPiw=
github.com/liggitt/c v1.0.0 h1:jLi0imaDl5DUIPX63+zI6vB5w2UF6wDa8F7bLMBDYko=
github.com/liggitt/c v1.0.0/go.mod h1:F/PN0EPwqEcaXbrAc1E8sqvkXqQjvWH2whyWJoSkgA0=
github.com/liggitt/c v1.1.0 h1:Uc7ExZIjGtvzmUjpGvpaSEWG2xHEQ/mJbK7sScoCYEQ=
github.com/liggitt/c v1.1.0/go.mod h1:F/PN0EPwqEcaXbrAc1E8sqvkXqQjvWH2whyWJoSkgA0=
github.com/liggitt/d v1.0.0 h1:7CL2m7s17MyF3C2R2Y7jCMt8Czp/Ats2DClddZoN+88=
github.com/liggitt/d v1.0.0/go.mod h1:4GgUKOe83Va2bM/CVugCwU5aIM0V9Y5NpL1bg1rKZGE=
